
Microsoft Visual Studio Solution File, Format Version 12.00
# Visual Studio Version 17
VisualStudioVersion = 17.11.35222.181
MinimumVisualStudioVersion = 10.0.40219.1
Project("{FAE04EC0-301F-11D3-BF4B-00C04F79EFBC}") = "LearningLog", "LearningLog\LearningLog.csproj", "{C0987A72-A55F-40DA-853C-1DFBCFEB842A}"
EndProject
Global
	GlobalSection(SolutionConfigurationPlatforms) = preSolution
		Debug|Any CPU = Debug|Any CPU
		Release|Any CPU = Release|Any CPU
	EndGlobalSection
	GlobalSection(ProjectConfigurationPlatforms) = postSolution
		{C0987A72-A55F-40DA-853C-1DFBCFEB842A}.Debug|Any CPU.ActiveCfg = Debug|Any CPU
		{C0987A72-A55F-40DA-853C-1DFBCFEB842A}.Debug|Any CPU.Build.0 = Debug|Any CPU
		{C0987A72-A55F-40DA-853C-1DFBCFEB842A}.Release|Any CPU.ActiveCfg = Release|Any CPU
		{C0987A72-A55F-40DA-853C-1DFBCFEB842A}.Release|Any CPU.Build.0 = Release|Any CPU
	EndGlobalSection
	GlobalSection(SolutionProperties) = preSolution
		HideSolutionNode = FALSE
	EndGlobalSection
	GlobalSection(ExtensibilityGlobals) = postSolution
		SolutionGuid = {FA24C861-65BB-4D8E-939B-DFB3CE9F0988}
	EndGlobalSection
EndGlobal
